// !$*UTF8*$!
{
	archiveVersion = 1;
	classes = {
	};
	objectVersion = 77;
	objects = {

/* Begin PBXContainerItemProxy section */
		1CC796672D31611D001467D8 /* PBXContainerItemProxy */ = {
			isa = PBXContainerItemProxy;
			containerPortal = 1CC7964E2D31611A001467D8 /* Project object */;
			proxyType = 1;
			remoteGlobalIDString = 1CC796552D31611A001467D8;
			remoteInfo = "Call Break Score Board";
		};
		1CC796712D31611D001467D8 /* PBXContainerItemProxy */ = {
			isa = PBXContainerItemProxy;
			containerPortal = 1CC7964E2D31611A001467D8 /* Project object */;
			proxyType = 1;
			remoteGlobalIDString = 1CC796552D31611A001467D8;
			remoteInfo = "Call Break Score Board";
		};
/* End PBXContainerItemProxy section */

/* Begin PBXFileReference section */
		1CC796562D31611A001467D8 /* Call Break Score Board.app */ = {isa = PBXFileReference; explicitFileType = wrapper.application; includeInIndex = 0; path = "Call Break Score Board.app"; sourceTree = BUILT_PRODUCTS_DIR; };
		1CC796662D31611D001467D8 /* Call Break Score BoardTests.xctest */ = {isa = PBXFileReference; explicitFileType = wrapper.cfbundle; includeInIndex = 0; path = "Call Break Score BoardTests.xctest"; sourceTree = BUILT_PRODUCTS_DIR; };
		1CC796702D31611D001467D8 /* Call Break Score BoardUITests.xctest */ = {isa = PBXFileReference; explicitFileType = wrapper.cfbundle; includeInIndex = 0; path = "Call Break Score BoardUITests.xctest"; sourceTree = BUILT_PRODUCTS_DIR; };
/* End PBXFileReference section */

/* Begin PBXFileSystemSynchronizedRootGroup section */
		1CC796582D31611A001467D8 /* Call Break Score Board */ = {
			isa = PBXFileSystemSynchronizedRootGroup;
			path = "Call Break Score Board";
			sourceTree = "<group>";
		};
		1CC796692D31611D001467D8 /* Call Break Score BoardTests */ = {
			isa = PBXFileSystemSynchronizedRootGroup;
			path = "Call Break Score BoardTests";
			sourceTree = "<group>";
		};
		1CC796732D31611D001467D8 /* Call Break Score BoardUITests */ = {
			isa = PBXFileSystemSynchronizedRootGroup;
			path = "Call Break Score BoardUITests";
			sourceTree = "<group>";
		};
/* End PBXFileSystemSynchronizedRootGroup section */

/* Begin PBXFrameworksBuildPhase section */
		1CC796532D31611A001467D8 /* Frameworks */ = {
			isa = PBXFrameworksBuildPhase;
			buildActionMask = 2147483647;
			files = (
			);
			runOnlyForDeploymentPostprocessing = 0;
		};
		1CC796632D31611D001467D8 /* Frameworks */ = {
			isa = PBXFrameworksBuildPhase;
			buildActionMask = 2147483647;
			files = (
			);
			runOnlyForDeploymentPostprocessing = 0;
		};
		1CC7966D2D31611D001467D8 /* Frameworks */ = {
			isa = PBXFrameworksBuildPhase;
			buildActionMask = 2147483647;
			files = (
			);
			runOnlyForDeploymentPostprocessing = 0;
		};
/* End PBXFrameworksBuildPhase section */

/* Begin PBXGroup section */
		1CC7964D2D31611A001467D8 = {
			isa = PBXGroup;
			children = (
				1CC796582D31611A001467D8 /* Call Break Score Board */,
				1CC796692D31611D001467D8 /* Call Break Score BoardTests */,
				1CC796732D31611D001467D8 /* Call Break Score BoardUITests */,
				1CC796572D31611A001467D8 /* Products */,
			);
			sourceTree = "<group>";
		};
		1CC796572D31611A001467D8 /* Products */ = {
			isa = PBXGroup;
			children = (
				1CC796562D31611A001467D8 /* Call Break Score Board.app */,
				1CC796662D31611D001467D8 /* Call Break Score BoardTests.xctest */,
				1CC796702D31611D001467D8 /* Call Break Score BoardUITests.xctest */,
			);
			name = Products;
			sourceTree = "<group>";
		};
/* End PBXGroup section */

/* Begin PBXNativeTarget section */
		1CC796552D31611A001467D8 /* Call Break Score Board */ = {
			isa = PBXNativeTarget;
			buildConfigurationList = 1CC7967A2D31611D001467D8 /* Build configuration list for PBXNativeTarget "Call Break Score Board" */;
			buildPhases = (
				1CC796522D31611A001467D8 /* Sources */,
				1CC796532D31611A001467D8 /* Frameworks */,
				1CC796542D31611A001467D8 /* Resources */,
			);
			buildRules = (
			);
			dependencies = (
			);
			fileSystemSynchronizedGroups = (
				1CC796582D31611A001467D8 /* Call Break Score Board */,
			);
			name = "Call Break Score Board";
			packageProductDependencies = (
			);
			productName = "Call Break Score Board";
			productReference = 1CC796562D31611A001467D8 /* Call Break Score Board.app */;
			productType = "com.apple.product-type.application";
		};
		1CC796652D31611D001467D8 /* Call Break Score BoardTests */ = {
			isa = PBXNativeTarget;
			buildConfigurationList = 1CC7967D2D31611D001467D8 /* Build configuration list for PBXNativeTarget "Call Break Score BoardTests" */;
			buildPhases = (
				1CC796622D31611D001467D8 /* Sources */,
				1CC796632D31611D001467D8 /* Frameworks */,
				1CC796642D31611D001467D8 /* Resources */,
			);
			buildRules = (
			);
			dependencies = (
				1CC796682D31611D001467D8 /* PBXTargetDependency */,
			);
			fileSystemSynchronizedGroups = (
				1CC796692D31611D001467D8 /* Call Break Score BoardTests */,
			);
			name = "Call Break Score BoardTests";
			packageProductDependencies = (
			);
			productName = "Call Break Score BoardTests";
			productReference = 1CC796662D31611D001467D8 /* Call Break Score BoardTests.xctest */;
			productType = "com.apple.product-type.bundle.unit-test";
		};
		1CC7966F2D31611D001467D8 /* Call Break Score BoardUITests */ = {
			isa = PBXNativeTarget;
			buildConfigurationList = 1CC796802D31611D001467D8 /* Build configuration list for PBXNativeTarget "Call Break Score BoardUITests" */;
			buildPhases = (
				1CC7966C2D31611D001467D8 /* Sources */,
				1CC7966D2D31611D001467D8 /* Frameworks */,
				1CC7966E2D31611D001467D8 /* Resources */,
			);
			buildRules = (
			);
			dependencies = (
				1CC796722D31611D001467D8 /* PBXTargetDependency */,
			);
			fileSystemSynchronizedGroups = (
				1CC796732D31611D001467D8 /* Call Break Score BoardUITests */,
			);
			name = "Call Break Score BoardUITests";
			packageProductDependencies = (
			);
			productName = "Call Break Score BoardUITests";
			productReference = 1CC796702D31611D001467D8 /* Call Break Score BoardUITests.xctest */;
			productType = "com.apple.product-type.bundle.ui-testing";
		};
/* End PBXNativeTarget section */

/* Begin PBXProject section */
		1CC7964E2D31611A001467D8 /* Project object */ = {
			isa = PBXProject;
			attributes = {
				BuildIndependentTargetsInParallel = 1;
				LastSwiftUpdateCheck = 1620;
				LastUpgradeCheck = 1620;
				TargetAttributes = {
					1CC796552D31611A001467D8 = {
						CreatedOnToolsVersion = 16.2;
					};
					1CC796652D31611D001467D8 = {
						CreatedOnToolsVersion = 16.2;
						TestTargetID = 1CC796552D31611A001467D8;
					};
					1CC7966F2D31611D001467D8 = {
						CreatedOnToolsVersion = 16.2;
						TestTargetID = 1CC796552D31611A001467D8;
					};
				};
			};
			buildConfigurationList = 1CC796512D31611A001467D8 /* Build configuration list for PBXProject "Call Break Score Board" */;
			developmentRegion = en;
			hasScannedForEncodings = 0;
			knownRegions = (
				en,
				Base,
			);
			mainGroup = 1CC7964D2D31611A001467D8;
			minimizedProjectReferenceProxies = 1;
			preferredProjectObjectVersion = 77;
			productRefGroup = 1CC796572D31611A001467D8 /* Products */;
			projectDirPath = "";
			projectRoot = "";
			targets = (
				1CC796552D31611A001467D8 /* Call Break Score Board */,
				1CC796652D31611D001467D8 /* Call Break Score BoardTests */,
				1CC7966F2D31611D001467D8 /* Call Break Score BoardUITests */,
			);
		};
/* End PBXProject section */

/* Begin PBXResourcesBuildPhase section */
		1CC796542D31611A001467D8 /* Resources */ = {
			isa = PBXResourcesBuildPhase;
			buildActionMask = 2147483647;
			files = (
			);
			runOnlyForDeploymentPostprocessing = 0;
		};
		1CC796642D31611D001467D8 /* Resources */ = {
			isa = PBXResourcesBuildPhase;
			buildActionMask = 2147483647;
			files = (
			);
			runOnlyForDeploymentPostprocessing = 0;
		};
		1CC7966E2D31611D001467D8 /* Resources */ = {
			isa = PBXResourcesBuildPhase;
			buildActionMask = 2147483647;
			files = (
			);
			runOnlyForDeploymentPostprocessing = 0;
		};
/* End PBXResourcesBuildPhase section */

/* Begin PBXSourcesBuildPhase section */
		1CC796522D31611A001467D8 /* Sources */ = {
			isa = PBXSourcesBuildPhase;
			buildActionMask = 2147483647;
			files = (
			);
			runOnlyForDeploymentPostprocessing = 0;
		};
		1CC796622D31611D001467D8 /* Sources */ = {
			isa = PBXSourcesBuildPhase;
			buildActionMask = 2147483647;
			files = (
			);
			runOnlyForDeploymentPostprocessing = 0;
		};
		1CC7966C2D31611D001467D8 /* Sources */ = {
			isa = PBXSourcesBuildPhase;
			buildActionMask = 2147483647;
			files = (
			);
			runOnlyForDeploymentPostprocessing = 0;
		};
/* End PBXSourcesBuildPhase section */

/* Begin PBXTargetDependency section */
		1CC796682D31611D001467D8 /* PBXTargetDependency */ = {
			isa = PBXTargetDependency;
			target = 1CC796552D31611A001467D8 /* Call Break Score Board */;
			targetProxy = 1CC796672D31611D001467D8 /* PBXContainerItemProxy */;
		};
		1CC796722D31611D001467D8 /* PBXTargetDependency */ = {
			isa = PBXTargetDependency;
			target = 1CC796552D31611A001467D8 /* Call Break Score Board */;
			targetProxy = 1CC796712D31611D001467D8 /* PBXContainerItemProxy */;
		};
/* End PBXTargetDependency section */

/* Begin XCBuildConfiguration section */
		1CC796782D31611D001467D8 /* Debug */ = {
			isa = XCBuildConfiguration;
			buildSettings = {
				ALWAYS_SEARCH_USER_PATHS = NO;
				ASSETCATALOG_COMPILER_GENERATE_SWIFT_ASSET_SYMBOL_EXTENSIONS = YES;
				CLANG_ANALYZER_NONNULL = YES;
				CLANG_ANALYZER_NUMBER_OBJECT_CONVERSION = YES_AGGRESSIVE;
				CLANG_CXX_LANGUAGE_STANDARD = "gnu++20";
				CLANG_ENABLE_MODULES = YES;
				CLANG_ENABLE_OBJC_ARC = YES;
				CLANG_ENABLE_OBJC_WEAK = YES;
				CLANG_WARN_BLOCK_CAPTURE_AUTORELEASING = YES;
				CLANG_WARN_BOOL_CONVERSION = YES;
				CLANG_WARN_COMMA = YES;
				CLANG_WARN_CONSTANT_CONVERSION = YES;
				CLANG_WARN_DEPRECATED_OBJC_IMPLEMENTATIONS = YES;
				CLANG_WARN_DIRECT_OBJC_ISA_USAGE = YES_ERROR;
				CLANG_WARN_DOCUMENTATION_COMMENTS = YES;
				CLANG_WARN_EMPTY_BODY = YES;
				CLANG_WARN_ENUM_CONVERSION = YES;
				CLANG_WARN_INFINITE_RECURSION = YES;
				CLANG_WARN_INT_CONVERSION = YES;
				CLANG_WARN_NON_LITERAL_NULL_CONVERSION = YES;
				CLANG_WARN_OBJC_IMPLICIT_RETAIN_SELF = YES;
				CLANG_WARN_OBJC_LITERAL_CONVERSION = YES;
				CLANG_WARN_OBJC_ROOT_CLASS = YES_ERROR;
				CLANG_WARN_QUOTED_INCLUDE_IN_FRAMEWORK_HEADER = YES;
				CLANG_WARN_RANGE_LOOP_ANALYSIS = YES;
				CLANG_WARN_STRICT_PROTOTYPES = YES;
				CLANG_WARN_SUSPICIOUS_MOVE = YES;
				CLANG_WARN_UNGUARDED_AVAILABILITY = YES_AGGRESSIVE;
				CLANG_WARN_UNREACHABLE_CODE = YES;
				CLANG_WARN__DUPLICATE_METHOD_MATCH = YES;
				COPY_PHASE_STRIP = NO;
				DEBUG_INFORMATION_FORMAT = dwarf;
				ENABLE_STRICT_OBJC_MSGSEND = YES;
				ENABLE_TESTABILITY = YES;
				ENABLE_USER_SCRIPT_SANDBOXING = YES;
				GCC_C_LANGUAGE_STANDARD = gnu17;
				GCC_DYNAMIC_NO_PIC = NO;
				GCC_NO_COMMON_BLOCKS = YES;
				GCC_OPTIMIZATION_LEVEL = 0;
				GCC_PREPROCESSOR_DEFINITIONS = (
					"DEBUG=1",
					"$(inherited)",
				);
				GCC_WARN_64_TO_32_BIT_CONVERSION = YES;
				GCC_WARN_ABOUT_RETURN_TYPE = YES_ERROR;
				GCC_WARN_UNDECLARED_SELECTOR = YES;
				GCC_WARN_UNINITIALIZED_AUTOS = YES_AGGRESSIVE;
				GCC_WARN_UNUSED_FUNCTION = YES;
				GCC_WARN_UNUSED_VARIABLE = YES;
				IPHONEOS_DEPLOYMENT_TARGET = 18.2;
				LOCALIZATION_PREFERS_STRING_CATALOGS = YES;
				MTL_ENABLE_DEBUG_INFO = INCLUDE_SOURCE;
				MTL_FAST_MATH = YES;
				ONLY_ACTIVE_ARCH = YES;
				SDKROOT = iphoneos;
				SWIFT_ACTIVE_COMPILATION_CONDITIONS = "DEBUG $(inherited)";
				SWIFT_OPTIMIZATION_LEVEL = "-Onone";
			};
			name = Debug;
		};
		1CC796792D31611D001467D8 /* Release */ = {
			isa = XCBuildConfiguration;
			buildSettings = {
				ALWAYS_SEARCH_USER_PATHS = NO;
				ASSETCATALOG_COMPILER_GENERATE_SWIFT_ASSET_SYMBOL_EXTENSIONS = YES;
				CLANG_ANALYZER_NONNULL = YES;
				CLANG_ANALYZER_NUMBER_OBJECT_CONVERSION = YES_AGGRESSIVE;
				CLANG_CXX_LANGUAGE_STANDARD = "gnu++20";
				CLANG_ENABLE_MODULES = YES;
				CLANG_ENABLE_OBJC_ARC = YES;
				CLANG_ENABLE_OBJC_WEAK = YES;
				CLANG_WARN_BLOCK_CAPTURE_AUTORELEASING = YES;
				CLANG_WARN_BOOL_CONVERSION = YES;
				CLANG_WARN_COMMA = YES;
				CLANG_WARN_CONSTANT_CONVERSION = YES;
				CLANG_WARN_DEPRECATED_OBJC_IMPLEMENTATIONS = YES;
				CLANG_WARN_DIRECT_OBJC_ISA_USAGE = YES_ERROR;
				CLANG_WARN_DOCUMENTATION_COMMENTS = YES;
				CLANG_WARN_EMPTY_BODY = YES;
				CLANG_WARN_ENUM_CONVERSION = YES;
				CLANG_WARN_INFINITE_RECURSION = YES;
				CLANG_WARN_INT_CONVERSION = YES;
				CLANG_WARN_NON_LITERAL_NULL_CONVERSION = YES;
				CLANG_WARN_OBJC_IMPLICIT_RETAIN_SELF = YES;
				CLANG_WARN_OBJC_LITERAL_CONVERSION = YES;
				CLANG_WARN_OBJC_ROOT_CLASS = YES_ERROR;
				CLANG_WARN_QUOTED_INCLUDE_IN_FRAMEWORK_HEADER = YES;
				CLANG_WARN_RANGE_LOOP_ANALYSIS = YES;
				CLANG_WARN_STRICT_PROTOTYPES = YES;
				CLANG_WARN_SUSPICIOUS_MOVE = YES;
				CLANG_WARN_UNGUARDED_AVAILABILITY = YES_AGGRESSIVE;
				CLANG_WARN_UNREACHABLE_CODE = YES;
				CLANG_WARN__DUPLICATE_METHOD_MATCH = YES;
				COPY_PHASE_STRIP = NO;
				DEBUG_INFORMATION_FORMAT = "dwarf-with-dsym";
				ENABLE_NS_ASSERTIONS = NO;
				ENABLE_STRICT_OBJC_MSGSEND = YES;
				ENABLE_USER_SCRIPT_SANDBOXING = YES;
				GCC_C_LANGUAGE_STANDARD = gnu17;
				GCC_NO_COMMON_BLOCKS = YES;
				GCC_WARN_64_TO_32_BIT_CONVERSION = YES;
				GCC_WARN_ABOUT_RETURN_TYPE = YES_ERROR;
				GCC_WARN_UNDECLARED_SELECTOR = YES;
				GCC_WARN_UNINITIALIZED_AUTOS = YES_AGGRESSIVE;
				GCC_WARN_UNUSED_FUNCTION = YES;
				GCC_WARN_UNUSED_VARIABLE = YES;
				IPHONEOS_DEPLOYMENT_TARGET = 18.2;
				LOCALIZATION_PREFERS_STRING_CATALOGS = YES;
				MTL_ENABLE_DEBUG_INFO = NO;
				MTL_FAST_MATH = YES;
				SDKROOT = iphoneos;
				SWIFT_COMPILATION_MODE = wholemodule;
				VALIDATE_PRODUCT = YES;
			};
			name = Release;
		};
		1CC7967B2D31611D001467D8 /* Debug */ = {
			isa = XCBuildConfiguration;
			buildSettings = {
				ASSETCATALOG_COMPILER_APPICON_NAME = AppIcon;
				ASSETCATALOG_COMPILER_GLOBAL_ACCENT_COLOR_NAME = AccentColor;
				CODE_SIGN_STYLE = Automatic;
				CURRENT_PROJECT_VERSION = 1;
				DEVELOPMENT_ASSET_PATHS = "\"Call Break Score Board/Preview Content\"";
				DEVELOPMENT_TEAM = UG4W8Z8NCX;
				ENABLE_PREVIEWS = YES;
				GENERATE_INFOPLIST_FILE = YES;
				INFOPLIST_KEY_UIApplicationSceneManifest_Generation = YES;
				INFOPLIST_KEY_UIApplicationSupportsIndirectInputEvents = YES;
				INFOPLIST_KEY_UILaunchScreen_Generation = YES;
				INFOPLIST_KEY_UISupportedInterfaceOrientations_iPad = "UIInterfaceOrientationPortrait UIInterfaceOrientationPortraitUpsideDown UIInterfaceOrientationLandscapeLeft UIInterfaceOrientationLandscapeRight";
				INFOPLIST_KEY_UISupportedInterfaceOrientations_iPhone = "UIInterfaceOrientationPortrait UIInterfaceOrientationLandscapeLeft UIInterfaceOrientationLandscapeRight";
				LD_RUNPATH_SEARCH_PATHS = (
					"$(inherited)",
					"@executable_path/Frameworks",
				);
				MARKETING_VERSION = 1.0;
				PRODUCT_BUNDLE_IDENTIFIER = "rsr.Call-Break-Score-Board";
				PRODUCT_NAME = "$(TARGET_NAME)";
				SWIFT_EMIT_LOC_STRINGS = YES;
				SWIFT_VERSION = 5.0;
				TARGETED_DEVICE_FAMILY = "1,2";
			};
			name = Debug;
		};
		1CC7967C2D31611D001467D8 /* Release */ = {
			isa = XCBuildConfiguration;
			buildSettings = {
				ASSETCATALOG_COMPILER_APPICON_NAME = AppIcon;
				ASSETCATALOG_COMPILER_GLOBAL_ACCENT_COLOR_NAME = AccentColor;
				CODE_SIGN_STYLE = Automatic;
				CURRENT_PROJECT_VERSION = 1;
				DEVELOPMENT_ASSET_PATHS = "\"Call Break Score Board/Preview Content\"";
				DEVELOPMENT_TEAM = UG4W8Z8NCX;
				ENABLE_PREVIEWS = YES;
				GENERATE_INFOPLIST_FILE = YES;
				INFOPLIST_KEY_UIApplicationSceneManifest_Generation = YES;
				INFOPLIST_KEY_UIApplicationSupportsIndirectInputEvents = YES;
				INFOPLIST_KEY_UILaunchScreen_Generation = YES;
				INFOPLIST_KEY_UISupportedInterfaceOrientations_iPad = "UIInterfaceOrientationPortrait UIInterfaceOrientationPortraitUpsideDown UIInterfaceOrientationLandscapeLeft UIInterfaceOrientationLandscapeRight";
				INFOPLIST_KEY_UISupportedInterfaceOrientations_iPhone = "UIInterfaceOrientationPortrait UIInterfaceOrientationLandscapeLeft UIInterfaceOrientationLandscapeRight";
				LD_RUNPATH_SEARCH_PATHS = (
					"$(inherited)",
					"@executable_path/Frameworks",
				);
				MARKETING_VERSION = 1.0;
				PRODUCT_BUNDLE_IDENTIFIER = "rsr.Call-Break-Score-Board";
				PRODUCT_NAME = "$(TARGET_NAME)";
				SWIFT_EMIT_LOC_STRINGS = YES;
				SWIFT_VERSION = 5.0;
				TARGETED_DEVICE_FAMILY = "1,2";
			};
			name = Release;
		};
		1CC7967E2D31611D001467D8 /* Debug */ = {
			isa = XCBuildConfiguration;
			buildSettings = {
				BUNDLE_LOADER = "$(TEST_HOST)";
				CODE_SIGN_STYLE = Automatic;
				CURRENT_PROJECT_VERSION = 1;
				GENERATE_INFOPLIST_FILE = YES;
				IPHONEOS_DEPLOYMENT_TARGET = 18.2;
				MARKETING_VERSION = 1.0;
				PRODUCT_BUNDLE_IDENTIFIER = "rsr.Call-Break-Score-BoardTests";
				PRODUCT_NAME = "$(TARGET_NAME)";
				SWIFT_EMIT_LOC_STRINGS = NO;
				SWIFT_VERSION = 5.0;
				TARGETED_DEVICE_FAMILY = "1,2";
				TEST_HOST = "$(BUILT_PRODUCTS_DIR)/Call Break Score Board.app/$(BUNDLE_EXECUTABLE_FOLDER_PATH)/Call Break Score Board";
			};
			name = Debug;
		};
		1CC7967F2D31611D001467D8 /* Release */ = {
			isa = XCBuildConfiguration;
			buildSettings = {
				BUNDLE_LOADER = "$(TEST_HOST)";
				CODE_SIGN_STYLE = Automatic;
				CURRENT_PROJECT_VERSION = 1;
				GENERATE_INFOPLIST_FILE = YES;
				IPHONEOS_DEPLOYMENT_TARGET = 18.2;
				MARKETING_VERSION = 1.0;
				PRODUCT_BUNDLE_IDENTIFIER = "rsr.Call-Break-Score-BoardTests";
				PRODUCT_NAME = "$(TARGET_NAME)";
				SWIFT_EMIT_LOC_STRINGS = NO;
				SWIFT_VERSION = 5.0;
				TARGETED_DEVICE_FAMILY = "1,2";
				TEST_HOST = "$(BUILT_PRODUCTS_DIR)/Call Break Score Board.app/$(BUNDLE_EXECUTABLE_FOLDER_PATH)/Call Break Score Board";
			};
			name = Release;
		};
		1CC796812D31611D001467D8 /* Debug */ = {
			isa = XCBuildConfiguration;
			buildSettings = {
				CODE_SIGN_STYLE = Automatic;
				CURRENT_PROJECT_VERSION = 1;
				GENERATE_INFOPLIST_FILE = YES;
				MARKETING_VERSION = 1.0;
				PRODUCT_BUNDLE_IDENTIFIER = "rsr.Call-Break-Score-BoardUITests";
				PRODUCT_NAME = "$(TARGET_NAME)";
				SWIFT_EMIT_LOC_STRINGS = NO;
				SWIFT_VERSION = 5.0;
				TARGETED_DEVICE_FAMILY = "1,2";
				TEST_TARGET_NAME = "Call Break Score Board";
			};
			name = Debug;
		};
		1CC796822D31611D001467D8 /* Release */ = {
			isa = XCBuildConfiguration;
			buildSettings = {
				CODE_SIGN_STYLE = Automatic;
				CURRENT_PROJECT_VERSION = 1;
				GENERATE_INFOPLIST_FILE = YES;
				MARKETING_VERSION = 1.0;
				PRODUCT_BUNDLE_IDENTIFIER = "rsr.Call-Break-Score-BoardUITests";
				PRODUCT_NAME = "$(TARGET_NAME)";
				SWIFT_EMIT_LOC_STRINGS = NO;
				SWIFT_VERSION = 5.0;
				TARGETED_DEVICE_FAMILY = "1,2";
				TEST_TARGET_NAME = "Call Break Score Board";
			};
			name = Release;
		};
/* End XCBuildConfiguration section */

/* Begin XCConfigurationList section */
		1CC796512D31611A001467D8 /* Build configuration list for PBXProject "Call Break Score Board" */ = {
			isa = XCConfigurationList;
			buildConfigurations = (
				1CC796782D31611D001467D8 /* Debug */,
				1CC796792D31611D001467D8 /* Release */,
			);
			defaultConfigurationIsVisible = 0;
			defaultConfigurationName = Release;
		};
		1CC7967A2D31611D001467D8 /* Build configuration list for PBXNativeTarget "Call Break Score Board" */ = {
			isa = XCConfigurationList;
			buildConfigurations = (
				1CC7967B2D31611D001467D8 /* Debug */,
				1CC7967C2D31611D001467D8 /* Release */,
			);
			defaultConfigurationIsVisible = 0;
			defaultConfigurationName = Release;
		};
		1CC7967D2D31611D001467D8 /* Build configuration list for PBXNativeTarget "Call Break Score BoardTests" */ = {
			isa = XCConfigurationList;
			buildConfigurations = (
				1CC7967E2D31611D001467D8 /* Debug */,
				1CC7967F2D31611D001467D8 /* Release */,
			);
			defaultConfigurationIsVisible = 0;
			defaultConfigurationName = Release;
		};
		1CC796802D31611D001467D8 /* Build configuration list for PBXNativeTarget "Call Break Score BoardUITests" */ = {
			isa = XCConfigurationList;
			buildConfigurations = (
				1CC796812D31611D001467D8 /* Debug */,
				1CC796822D31611D001467D8 /* Release */,
			);
			defaultConfigurationIsVisible = 0;
			defaultConfigurationName = Release;
		};
/* End XCConfigurationList section */
	};
	rootObject = 1CC7964E2D31611A001467D8 /* Project object */;
}
